
Microsoft Visual Studio Solution File, Format Version 12.00
# Visual Studio Version 16
VisualStudioVersion = 16.0.32510.428
MinimumVisualStudioVersion = 10.0.40219.1
Project("{9A19103F-16F7-4668-BE54-9A1E7A4F7556}") = "WpfApp1", "WpfApp1.csproj", "{B7A7E297-E0C8-45FB-A84D-703B0F3A4B5E}"
EndProject
Project("{9A19103F-16F7-4668-BE54-9A1E7A4F7556}") = "dmdiApp", "..\dmdiApp\dmdiApp.csproj", "{D0FAAD1E-6975-4BCF-93F6-1BE03B2EFAFE}"
EndProject
Project("{9A19103F-16F7-4668-BE54-9A1E7A4F7556}") = "dmdiAppUSD", "..\dmdiAppUSD\dmdiAppUSD.csproj", "{F6D93E5F-B384-483C-8ADF-3CD36D16AD12}"
EndProject
Global
	GlobalSection(SolutionConfigurationPlatforms) = preSolution
		Debug|Any CPU = Debug|Any CPU
		Release|Any CPU = Release|Any CPU
	EndGlobalSection
	GlobalSection(ProjectConfigurationPlatforms) = postSolution
		{B7A7E297-E0C8-45FB-A84D-703B0F3A4B5E}.Debug|Any CPU.ActiveCfg = Debug|Any CPU
		{B7A7E297-E0C8-45FB-A84D-703B0F3A4B5E}.Debug|Any CPU.Build.0 = Debug|Any CPU
		{B7A7E297-E0C8-45FB-A84D-703B0F3A4B5E}.Release|Any CPU.ActiveCfg = Release|Any CPU
		{B7A7E297-E0C8-45FB-A84D-703B0F3A4B5E}.Release|Any CPU.Build.0 = Release|Any CPU
		{D0FAAD1E-6975-4BCF-93F6-1BE03B2EFAFE}.Debug|Any CPU.ActiveCfg = Debug|Any CPU
		{D0FAAD1E-6975-4BCF-93F6-1BE03B2EFAFE}.Debug|Any CPU.Build.0 = Debug|Any CPU
		{D0FAAD1E-6975-4BCF-93F6-1BE03B2EFAFE}.Release|Any CPU.ActiveCfg = Release|Any CPU
		{D0FAAD1E-6975-4BCF-93F6-1BE03B2EFAFE}.Release|Any CPU.Build.0 = Release|Any CPU
		{F6D93E5F-B384-483C-8ADF-3CD36D16AD12}.Debug|Any CPU.ActiveCfg = Debug|Any CPU
		{F6D93E5F-B384-483C-8ADF-3CD36D16AD12}.Debug|Any CPU.Build.0 = Debug|Any CPU
		{F6D93E5F-B384-483C-8ADF-3CD36D16AD12}.Release|Any CPU.ActiveCfg = Release|Any CPU
		{F6D93E5F-B384-483C-8ADF-3CD36D16AD12}.Release|Any CPU.Build.0 = Release|Any CPU
	EndGlobalSection
	GlobalSection(SolutionProperties) = preSolution
		HideSolutionNode = FALSE
	EndGlobalSection
	GlobalSection(ExtensibilityGlobals) = postSolution
		SolutionGuid = {502B0AB4-2B3A-45CB-BAAB-DE321DBDDEA7}
	EndGlobalSection
EndGlobal
